
Microsoft Visual Studio Solution File, Format Version 12.00
# Visual Studio Version 17
VisualStudioVersion = 17.4.33213.308
MinimumVisualStudioVersion = 10.0.40219.1
Project("{FAE04EC0-301F-11D3-BF4B-00C04F79EFBC}") = "SQL Database server", "SQL Database server.csproj", "{1BDCD73A-9133-4AB0-891C-312A61D6E83A}"
EndProject
Global
	GlobalSection(SolutionConfigurationPlatforms) = preSolution
		Debug|Any CPU = Debug|Any CPU
		Release|Any CPU = Release|Any CPU
	EndGlobalSection
	GlobalSection(ProjectConfigurationPlatforms) = postSolution
		{1BDCD73A-9133-4AB0-891C-312A61D6E83A}.Debug|Any CPU.ActiveCfg = Debug|Any CPU
		{1BDCD73A-9133-4AB0-891C-312A61D6E83A}.Debug|Any CPU.Build.0 = Debug|Any CPU
		{1BDCD73A-9133-4AB0-891C-312A61D6E83A}.Release|Any CPU.ActiveCfg = Release|Any CPU
		{1BDCD73A-9133-4AB0-891C-312A61D6E83A}.Release|Any CPU.Build.0 = Release|Any CPU
	EndGlobalSection
	GlobalSection(SolutionProperties) = preSolution
		HideSolutionNode = FALSE
	EndGlobalSection
	GlobalSection(ExtensibilityGlobals) = postSolution
		SolutionGuid = {B84AEF6D-D4DE-4A8D-8FEE-F84DFA7A03A8}
	EndGlobalSection
EndGlobal
